github.com/davecgh/go-spew v1.1.1 h1:vj9j/u1bqnvCEfJOwUhtlOARqs3+rkHYY13jYWTU97c=
github.com/davecgh/go-spew v1.1.1/go.mod h1:J7Y8YcW2NihsgmVo/mv3lAwl/skON4iLHjSsI+c5H38=
github.com/eclipse/paho.mqtt.golang v1.5.0 h1:EH+bUVJNgttidWFkLLVKaQPGmkTUfQQqjOsyvMGvD6o=
github.com/eclipse/paho.mqtt.golang v1.5.0/go.mod h1:du/2qNQVqJf/Sqs4MEL77kR8QTqANF7XU7Fk0aOTAgk=
github.com/google/uuid v1.6.0 h1:NIvaJDMOsjHA8n1jAhLSgzrAzy1Hgr+hNrb57e+94F0=
github.com/google/uuid v1.6.0/go.mod h1:TIyPZe4MgqvfeYDBFedMoGGpEw/LqOeaOT+nhxU+yHo=
github.com/gorilla/websocket v1.5.3 h1:saDtZ6Pbx/0u+bgYQ3q96pZgCzfhKXGPqt7kZ72aNNg=
github.com/gorilla/websocket v1.5.3/go.mod h1:YR8l580nyteQvAITg2hZ9XVh4b55+EU/adAjf1fMHhE=
github.com/joho/godotenv v1.5.1 h1:7eLL/+HRGLY0ldzfGMeQkb7vMd0as4CfYvUVzLqw0N0=
github.com/joho/godotenv v1.5.1/go.mod h1:f4LDr5Voq0i2e/R5DDNOoa2zzDfwtkZa6DnEwAbqwq4=
github.com/mochigome-git/msp-go v0.0.0-20250811034809-402c93e9ab14 h1:gVuJEy1VemTJiyU4ZDDTfcUUIIq38chhwOi0XnFit7s=
github.com/mochigome-git/msp-go v0.0.0-20250811034809-402c93e9ab14/go.mod h1:cUHLUnXq5sMGaPgNscdgYCC/ZcwN3K1Im0xIpExoEQY=
github.com/mochigome-git/msp-go v0.0.0-20250811040445-51ed8485bd7d h1:s3FYIxNdBanLvBSKlbAbRRz1CmM8wuIxuk+Qb19zNkM=
github.com/mochigome-git/msp-go v0.0.0-20250811040445-51ed8485bd7d/go.mod h1:cUHLUnXq5sMGaPgNscdgYCC/ZcwN3K1Im0xIpExoEQY=
github.com/mochigome-git/msp-go v0.0.0-20250811060404-cd45bf49b88d h1:BwG73rakJ9RKKPZ7rw24br/HVc5C092uD8Y4he8OdLg=
github.com/mochigome-git/msp-go v0.0.0-20250811060404-cd45bf49b88d/go.mod h1:cUHLUnXq5sMGaPgNscdgYCC/ZcwN3K1Im0xIpExoEQY=
github.com/mochigome-git/msp-go v0.0.0-20250812032204-461f2e5e777f h1:V3SGwWg3H1mdI7+PBcucZi1lbohbAuya7g3j1Cc36Sk=
github.com/mochigome-git/msp-go v0.0.0-20250812032204-461f2e5e777f/go.mod h1:cUHLUnXq5sMGaPgNscdgYCC/ZcwN3K1Im0xIpExoEQY=
github.com/mochigome-git/msp-go v0.0.0-20250812032714-49b660778141 h1:ZlKH5pyDKj/tsg+A7n9JKmcdI4Xs8jmtDEtQ63CiekE=
github.com/mochigome-git/msp-go v0.0.0-20250812032714-49b660778141/go.mod h1:cUHLUnXq5sMGaPgNscdgYCC/ZcwN3K1Im0xIpExoEQY=
github.com/mochigome-git/msp-go v0.0.0-20250812033820-a4f8c5cad9cd h1:VBMa86Wu71q9EzZKJYAaiJUjkFfKK+GXh7ktZxlJzYA=
github.com/mochigome-git/msp-go v0.0.0-20250812033820-a4f8c5cad9cd/go.mod h1:cUHLUnXq5sMGaPgNscdgYCC/ZcwN3K1Im0xIpExoEQY=
github.com/mochigome-git/msp-go v0.0.0-20250812034542-e0ceda482080 h1:YQh7huBeOu6eiUN24bMddMnMm5ZvjS01waEXL6+CN8E=
github.com/mochigome-git/msp-go v0.0.0-20250812034542-e0ceda482080/go.mod h1:cUHLUnXq5sMGaPgNscdgYCC/ZcwN3K1Im0xIpExoEQY=
github.com/mochigome-git/msp-go v0.0.0-20250812034808-115aa5ac817a h1:WJPsCB0XUt2achdCmYBbAQae5iPmmARzJZI0zSsngB4=
github.com/mochigome-git/msp-go v0.0.0-20250812034808-115aa5ac817a/go.mod h1:cUHLUnXq5sMGaPgNscdgYCC/ZcwN3K1Im0xIpExoEQY=
github.com/mochigome-git/msp-go v0.0.0-20250812035152-8339a8d368c0 h1:OzQMlRuzMk6vlcaQ/kj965ETy9t+O4i/IYn9yYbegmM=
github.com/mochigome-git/msp-go v0.0.0-20250812035152-8339a8d368c0/go.mod h1:cUHLUnXq5sMGaPgNscdgYCC/ZcwN3K1Im0xIpExoEQY=
github.com/mochigome-git/msp-go v0.0.0-20250812035722-761d1248b500 h1:TAFFJLz3xcJQy5g1zp3z2DOoIm8CTQd80ukK43E2aq0=
github.com/mochigome-git/msp-go v0.0.0-20250812035722-761d1248b500/go.mod h1:cUHLUnXq5sMGaPgNscdgYCC/ZcwN3K1Im0xIpExoEQY=
github.com/mochigome-git/msp-go v0.0.0-20250812040543-d773df2ca35d h1:61W5LwL3eQil2e8Ga/kVeHVRT+1t31eat1T+83q5fbY=
github.com/mochigome-git/msp-go v0.0.0-20250812040543-d773df2ca35d/go.mod h1:cUHLUnXq5sMGaPgNscdgYCC/ZcwN3K1Im0xIpExoEQY=
github.com/mochigome-git/msp-go v0.0.0-20250812041010-11f31f8a2e60 h1:cf3rpbiSjGP8h9oJ6eUBfn0b2on+ErvUE+uWel2j370=
github.com/mochigome-git/msp-go v0.0.0-20250812041010-11f31f8a2e60/go.mod h1:cUHLUnXq5sMGaPgNscdgYCC/ZcwN3K1Im0xIpExoEQY=
github.com/mochigome-git/msp-go v0.0.0-20250812041449-0c7e69bc9185 h1:NxKhE0YKptyb9AzyBLUNI6r1UcJA0Z5K1eX9LqyTd5o=
github.com/mochigome-git/msp-go v0.0.0-20250812041449-0c7e69bc9185/go.mod h1:cUHLUnXq5sMGaPgNscdgYCC/ZcwN3K1Im0xIpExoEQY=
github.com/mochigome-git/msp-go v0.0.0-20250812041726-d9e0eb24f8df h1:CgWfzAEIRgbRh5GEZVHcU7cy3oE0AmN7akx6ap+G1fU=
github.com/mochigome-git/msp-go v0.0.0-20250812041726-d9e0eb24f8df/go.mod h1:cUHLUnXq5sMGaPgNscdgYCC/ZcwN3K1Im0xIpExoEQY=
github.com/mochigome-git/msp-go v0.0.0-20250812042008-89fc47361753 h1:00vL8c63mdypGvmmxxNnt1bpzmZKWv36RF4Tpl3gmzU=
github.com/mochigome-git/msp-go v0.0.0-20250812042008-89fc47361753/go.mod h1:cUHLUnXq5sMGaPgNscdgYCC/ZcwN3K1Im0xIpExoEQY=
github.com/mochigome-git/msp-go v0.0.0-20250812042952-5d416e9f01cf h1:aeHlvV2+CJZNTC0CZzBsqbHcFHjV2uVa+NyS2h0y7YM=
github.com/mochigome-git/msp-go v0.0.0-20250812042952-5d416e9f01cf/go.mod h1:cUHLUnXq5sMGaPgNscdgYCC/ZcwN3K1Im0xIpExoEQY=
github.com/mochigome-git/msp-go v0.0.0-20250812060333-2133ed000de6 h1:KWQp/g9B1UmgSo5TRBmwgT5JStmPRqtBw9Rj78pR7ng=
github.com/mochigome-git/msp-go v0.0.0-20250812060333-2133ed000de6/go.mod h1:cUHLUnXq5sMGaPgNscdgYCC/ZcwN3K1Im0xIpExoEQY=
github.com/mochigome-git/msp-go v0.0.0-20250812061639-621b31a88b3f h1:HkaKtnheZofcry7oFgvYvpMVfC6DeFyn2jATnHrNXrc=
github.com/mochigome-git/msp-go v0.0.0-20250812061639-621b31a88b3f/go.mod h1:cUHLUnXq5sMGaPgNscdgYCC/ZcwN3K1Im0xIpExoEQY=
github.com/mochigome-git/msp-go v0.0.0-20250812063218-79c33a426372 h1:FxPWwf2Ak4uGqe+Wc4ZAtqnKELXmEaKHb1LnRYbU7Rk=
github.com/mochigome-git/msp-go v0.0.0-20250812063218-79c33a426372/go.mod h1:YdDuhDv8yV+rHXlO/tUyrDIcgXHXmTkXilSaGXR8AW0=
github.com/mochigome-git/msp-go v0.0.0-20250812064513-3006c33b806e h1:kVo6TX28mM+q/lD3W/VhqVjftfB0LnWk+7z+TdPFQSg=
github.com/mochigome-git/msp-go v0.0.0-20250812064513-3006c33b806e/go.mod h1:YdDuhDv8yV+rHXlO/tUyrDIcgXHXmTkXilSaGXR8AW0=
github.com/mochigome-git/msp-go v0.0.0-20250812065612-cf8bdbce6bba h1:JXvyzYaX/VOeajvx9HODqhw64O4lv5R7f1ZWBbusw9Y=
github.com/mochigome-git/msp-go v0.0.0-20250812065612-cf8bdbce6bba/go.mod h1:YdDuhDv8yV+rHXlO/tUyrDIcgXHXmTkXilSaGXR8AW0=
github.com/mochigome-git/msp-go v0.0.0-20250812065901-c13bc10a1172 h1:zepLfuqznHlbpwUrXv8COgTWVBDZuV8Qx5vXkxfk7vI=
github.com/mochigome-git/msp-go v0.0.0-20250812065901-c13bc10a1172/go.mod h1:YdDuhDv8yV+rHXlO/tUyrDIcgXHXmTkXilSaGXR8AW0=
github.com/mochigome-git/msp-go v0.0.0-20250812070729-ae5d9c3fb84b h1:/IysI8gd9VtKMfmPUjVD8Zah0/XWyAEFcwdmboW6Qyc=
github.com/mochigome-git/msp-go v0.0.0-20250812070729-ae5d9c3fb84b/go.mod h1:YdDuhDv8yV+rHXlO/tUyrDIcgXHXmTkXilSaGXR8AW0=
github.com/mochigome-git/msp-go v0.0.0-20250812073554-39a13f7e7f99 h1:gD8DgbRqJ64oQpM2k3dY2r0UPsDpcQcRyaljU5k8i8s=
github.com/mochigome-git/msp-go v0.0.0-20250812073554-39a13f7e7f99/go.mod h1:YdDuhDv8yV+rHXlO/tUyrDIcgXHXmTkXilSaGXR8AW0=
github.com/mochigome-git/msp-go v0.0.0-20250812074632-d75a67148049 h1:AgtlkKwdPK1Hl3IPcN4YwLJrB/WEPir0Ao1He7XT+Cw=
github.com/mochigome-git/msp-go v0.0.0-20250812074632-d75a67148049/go.mod h1:YdDuhDv8yV+rHXlO/tUyrDIcgXHXmTkXilSaGXR8AW0=
github.com/mochigome-git/msp-go v0.0.0-20250812075032-e5273e6cec5e h1:myHlAcGTYV4ZhOFgBsrt0PH7zm16gmbNmpenNcCBX5g=
github.com/mochigome-git/msp-go v0.0.0-20250812075032-e5273e6cec5e/go.mod h1:YdDuhDv8yV+rHXlO/tUyrDIcgXHXmTkXilSaGXR8AW0=
github.com/mochigome-git/msp-go v0.0.0-20250812084609-495af4b6595d h1:8Ofwscwh2h1eQC47XrGqPwZf5QXCWiVmany1JFrShfo=
github.com/mochigome-git/msp-go v0.0.0-20250812084609-495af4b6595d/go.mod h1:YdDuhDv8yV+rHXlO/tUyrDIcgXHXmTkXilSaGXR8AW0=
github.com/mochigome-git/msp-go v0.0.0-20250812085043-fa42af3dea0a h1:LCSe7DvPIoJ9km0LBZciI3OVpmadKu+TUZ63nTEk6DI=
github.com/mochigome-git/msp-go v0.0.0-20250812085043-fa42af3dea0a/go.mod h1:YdDuhDv8yV+rHXlO/tUyrDIcgXHXmTkXilSaGXR8AW0=
github.com/mochigome-git/msp-go v0.0.0-20250812085448-7229f62b9b97 h1:OzajiHhrWVL6rMQuS+t+IGL7BXJ/3iZu7TPnPhI1yTo=
github.com/mochigome-git/msp-go v0.0.0-20250812085448-7229f62b9b97/go.mod h1:YdDuhDv8yV+rHXlO/tUyrDIcgXHXmTkXilSaGXR8AW0=
github.com/pmezard/go-difflib v1.0.0 h1:4DBwDE0NGyQoBHbLQYPwSUPoCMWR5BEzIk/f1lZbAQM=
github.com/pmezard/go-difflib v1.0.0/go.mod h1:iKH77koFhYxTK1pcRnkKkqfTogsbg7gZNVY4sRDYZ/4=
github.com/stretchr/objx v0.5.2 h1:xuMeJ0Sdp5ZMRXx/aWO6RZxdr3beISkG5/G/aIRr3pY=
github.com/stretchr/objx v0.5.2/go.mod h1:FRsXN1f5AsAjCGJKqEizvkpNtU+EGNCLh3NxZ/8L+MA=
github.com/stretchr/testify v1.10.0 h1:Xv5erBjTwe/5IxqUQTdXv5kgmIvbHo3QQyRwhJsOfJA=
github.com/stretchr/testify v1.10.0/go.mod h1:r2ic/lqez/lEtzL7wO/rwa5dbSLXVDPFyf8C91i36aY=
golang.org/x/net v0.27.0 h1:5K3Njcw06/l2y9vpGCSdcxWOYHOUk3dVNGDXN+FvAys=
golang.org/x/net v0.27.0/go.mod h1:dDi0PyhWNoiUOrAS8uXv/vnScO4wnHQO4mj9fn/RytE=
golang.org/x/net v0.42.0 h1:jzkYrhi3YQWD6MLBJcsklgQsoAcw89EcZbJw8Z614hs=
golang.org/x/net v0.42.0/go.mod h1:FF1RA5d3u7nAYA4z2TkclSCKh68eSXtiFwcWQpPXdt8=
golang.org/x/sync v0.7.0 h1:YsImfSBoP9QPYL0xyKJPq0gcaJdG3rInoqxTWbfQu9M=
golang.org/x/sync v0.7.0/go.mod h1:Czt+wKu1gCyEFDUtn0jG5QVvpJ6rzVqr5aXyt9drQfk=
golang.org/x/sync v0.16.0 h1:ycBJEhp9p4vXvUZNszeOq0kGTPghopOL8q0fq3vstxw=
golang.org/x/sync v0.16.0/go.mod h1:1dzgHSNfp02xaA81J2MS99Qcpr2w7fw1gpm99rleRqA=
gopkg.in/check.v1 v0.0.0-20161208181325-20d25e280405 h1:yhCVgyC4o1eVCa2tZl7eS0r+SDo693bJlVdllGtEeKM=
gopkg.in/check.v1 v0.0.0-20161208181325-20d25e280405/go.mod h1:Co6ibVJAznAaIkqp8huTwlJQCZ016jof/cbN4VW5Yz0=
gopkg.in/yaml.v3 v3.0.1 h1:fxVm/GzAzEWqLHuvctI91KS9hhNmmWOoWu0XTYJS7CA=
gopkg.in/yaml.v3 v3.0.1/go.mod h1:K4uyk7z7BCEPqu6E+C64Yfv1cQ7kz7rIZviUmN+EgEM=
